
Microsoft Visual Studio Solution File, Format Version 12.00
# Visual Studio Version 17
VisualStudioVersion = 17.4.33103.184
MinimumVisualStudioVersion = 10.0.40219.1
Project("{FAE04EC0-301F-11D3-BF4B-00C04F79EFBC}") = "webapi.Filmes.manha", "webapi.Filmes.manha.csproj", "{C78C98D0-2D8B-42D8-9308-32833CAE8956}"
EndProject
Global
	GlobalSection(SolutionConfigurationPlatforms) = preSolution
		Debug|Any CPU = Debug|Any CPU
		Release|Any CPU = Release|Any CPU
	EndGlobalSection
	GlobalSection(ProjectConfigurationPlatforms) = postSolution
		{C78C98D0-2D8B-42D8-9308-32833CAE8956}.Debug|Any CPU.ActiveCfg = Debug|Any CPU
		{C78C98D0-2D8B-42D8-9308-32833CAE8956}.Debug|Any CPU.Build.0 = Debug|Any CPU
		{C78C98D0-2D8B-42D8-9308-32833CAE8956}.Release|Any CPU.ActiveCfg = Release|Any CPU
		{C78C98D0-2D8B-42D8-9308-32833CAE8956}.Release|Any CPU.Build.0 = Release|Any CPU
	EndGlobalSection
	GlobalSection(SolutionProperties) = preSolution
		HideSolutionNode = FALSE
	EndGlobalSection
	GlobalSection(ExtensibilityGlobals) = postSolution
		SolutionGuid = {9C98A445-9A21-49F6-A8B7-8599F9AA4AF2}
	EndGlobalSection
EndGlobal
